
Microsoft Visual Studio Solution File, Format Version 12.00
# Visual Studio 15
VisualStudioVersion = 15.0.27428.2037
MinimumVisualStudioVersion = 10.0.40219.1
Project("{FAE04EC0-301F-11D3-BF4B-00C04F79EFBC}") = "Konterbont Words Connector", "Konterbont Words Connector\Konterbont Words Connector.csproj", "{2662E7D9-AA42-4BFC-837C-0E733508C993}"
EndProject
Global
	GlobalSection(SolutionConfigurationPlatforms) = preSolution
		Debug|Any CPU = Debug|Any CPU
		Release|Any CPU = Release|Any CPU
	EndGlobalSection
	GlobalSection(ProjectConfigurationPlatforms) = postSolution
		{2662E7D9-AA42-4BFC-837C-0E733508C993}.Debug|Any CPU.ActiveCfg = Debug|Any CPU
		{2662E7D9-AA42-4BFC-837C-0E733508C993}.Debug|Any CPU.Build.0 = Debug|Any CPU
		{2662E7D9-AA42-4BFC-837C-0E733508C993}.Release|Any CPU.ActiveCfg = Release|Any CPU
		{2662E7D9-AA42-4BFC-837C-0E733508C993}.Release|Any CPU.Build.0 = Release|Any CPU
	EndGlobalSection
	GlobalSection(SolutionProperties) = preSolution
		HideSolutionNode = FALSE
	EndGlobalSection
	GlobalSection(ExtensibilityGlobals) = postSolution
		SolutionGuid = {4334A23C-85AA-44D0-9D46-CC18B9283465}
	EndGlobalSection
EndGlobal
