
Microsoft Visual Studio Solution File, Format Version 12.00
# Visual Studio 15
VisualStudioVersion = 15.0.28307.271
MinimumVisualStudioVersion = 10.0.40219.1
Project("{FAE04EC0-301F-11D3-BF4B-00C04F79EFBC}") = "KonterbontLODConnector", "KonterbontLODConnector\KonterbontLODConnector.csproj", "{75139D9F-28AF-487E-A546-43128F4111AD}"
EndProject
Global
	GlobalSection(SolutionConfigurationPlatforms) = preSolution
		Debug|Any CPU = Debug|Any CPU
		Release|Any CPU = Release|Any CPU
	EndGlobalSection
	GlobalSection(ProjectConfigurationPlatforms) = postSolution
		{75139D9F-28AF-487E-A546-43128F4111AD}.Debug|Any CPU.ActiveCfg = Debug|Any CPU
		{75139D9F-28AF-487E-A546-43128F4111AD}.Debug|Any CPU.Build.0 = Debug|Any CPU
		{75139D9F-28AF-487E-A546-43128F4111AD}.Release|Any CPU.ActiveCfg = Release|Any CPU
		{75139D9F-28AF-487E-A546-43128F4111AD}.Release|Any CPU.Build.0 = Release|Any CPU
	EndGlobalSection
	GlobalSection(SolutionProperties) = preSolution
		HideSolutionNode = FALSE
	EndGlobalSection
	GlobalSection(ExtensibilityGlobals) = postSolution
		SolutionGuid = {DEB0D49F-4523-4DA1-9A24-AA55FE3B6380}
	EndGlobalSection
EndGlobal
